
Microsoft Visual Studio Solution File, Format Version 12.00
# Visual Studio 14
VisualStudioVersion = 14.0.24720.0
MinimumVisualStudioVersion = 10.0.40219.1
Project("{FAE04EC0-301F-11D3-BF4B-00C04F79EFBC}") = "grsu.dunec.project", "grsu.dunec.project\grsu.dunec.project.csproj", "{F906B33F-5566-4C0F-A064-477F9678DED9}"
EndProject
Project("{FAE04EC0-301F-11D3-BF4B-00C04F79EFBC}") = "WebApplication1", "WebApplication1\WebApplication1.csproj", "{574116FB-85B3-4078-A627-CF2766CE79F2}"
EndProject
Global
	GlobalSection(SolutionConfigurationPlatforms) = preSolution
		Debug|Any CPU = Debug|Any CPU
		Release|Any CPU = Release|Any CPU
	EndGlobalSection
	GlobalSection(ProjectConfigurationPlatforms) = postSolution
		{F906B33F-5566-4C0F-A064-477F9678DED9}.Debug|Any CPU.ActiveCfg = Debug|Any CPU
		{F906B33F-5566-4C0F-A064-477F9678DED9}.Debug|Any CPU.Build.0 = Debug|Any CPU
		{F906B33F-5566-4C0F-A064-477F9678DED9}.Release|Any CPU.ActiveCfg = Release|Any CPU
		{F906B33F-5566-4C0F-A064-477F9678DED9}.Release|Any CPU.Build.0 = Release|Any CPU
		{574116FB-85B3-4078-A627-CF2766CE79F2}.Debug|Any CPU.ActiveCfg = Debug|Any CPU
		{574116FB-85B3-4078-A627-CF2766CE79F2}.Debug|Any CPU.Build.0 = Debug|Any CPU
		{574116FB-85B3-4078-A627-CF2766CE79F2}.Release|Any CPU.ActiveCfg = Release|Any CPU
		{574116FB-85B3-4078-A627-CF2766CE79F2}.Release|Any CPU.Build.0 = Release|Any CPU
	EndGlobalSection
	GlobalSection(SolutionProperties) = preSolution
		HideSolutionNode = FALSE
	EndGlobalSection
EndGlobal
